
Microsoft Visual Studio Solution File, Format Version 12.00
# Visual Studio Version 17
VisualStudioVersion = 17.2.32526.322
MinimumVisualStudioVersion = 10.0.40219.1
Project("{FAE04EC0-301F-11D3-BF4B-00C04F79EFBC}") = "MakePoly", "MakePoly\MakePoly.csproj", "{2E3E0BA6-8058-4341-8D8C-9F7E0F7DBF03}"
EndProject
Global
	GlobalSection(SolutionConfigurationPlatforms) = preSolution
		Debug|Any CPU = Debug|Any CPU
		Release|Any CPU = Release|Any CPU
	EndGlobalSection
	GlobalSection(ProjectConfigurationPlatforms) = postSolution
		{2E3E0BA6-8058-4341-8D8C-9F7E0F7DBF03}.Debug|Any CPU.ActiveCfg = Debug|Any CPU
		{2E3E0BA6-8058-4341-8D8C-9F7E0F7DBF03}.Debug|Any CPU.Build.0 = Debug|Any CPU
		{2E3E0BA6-8058-4341-8D8C-9F7E0F7DBF03}.Release|Any CPU.ActiveCfg = Release|Any CPU
		{2E3E0BA6-8058-4341-8D8C-9F7E0F7DBF03}.Release|Any CPU.Build.0 = Release|Any CPU
	EndGlobalSection
	GlobalSection(SolutionProperties) = preSolution
		HideSolutionNode = FALSE
	EndGlobalSection
	GlobalSection(ExtensibilityGlobals) = postSolution
		SolutionGuid = {1A5D0673-40D2-4FDE-A479-072CDD31987E}
	EndGlobalSection
EndGlobal
